// !$*UTF8*$!
{
	archiveVersion = 1;
	classes = {
	};
	objectVersion = 50;
	objects = {

/* Begin PBXBuildFile section */
		063CE5DB22432BF800DB347A /* AppDelegate.swift in Sources */ = {isa = PBXBuildFile; fileRef = 063CE5DA22432BF800DB347A /* AppDelegate.swift */; };
		063CE5DD22432BF800DB347A /* ViewController.swift in Sources */ = {isa = PBXBuildFile; fileRef = 063CE5DC22432BF800DB347A /* ViewController.swift */; };
		063CE5E022432BF800DB347A /* Main.storyboard in Resources */ = {isa = PBXBuildFile; fileRef = 063CE5DE22432BF800DB347A /* Main.storyboard */; };
		063CE5E322432BF800DB347A /* midterm.xcdatamodeld in Sources */ = {isa = PBXBuildFile; fileRef = 063CE5E122432BF800DB347A /* midterm.xcdatamodeld */; };
		063CE5E522432BFC00DB347A /* Assets.xcassets in Resources */ = {isa = PBXBuildFile; fileRef = 063CE5E422432BFC00DB347A /* Assets.xcassets */; };
		063CE5E822432BFC00DB347A /* LaunchScreen.storyboard in Resources */ = {isa = PBXBuildFile; fileRef = 063CE5E622432BFC00DB347A /* LaunchScreen.storyboard */; };
		063CE5F322432BFC00DB347A /* midtermTests.swift in Sources */ = {isa = PBXBuildFile; fileRef = 063CE5F222432BFC00DB347A /* midtermTests.swift */; };
		063CE5FE22432BFC00DB347A /* midtermUITests.swift in Sources */ = {isa = PBXBuildFile; fileRef = 063CE5FD22432BFC00DB347A /* midtermUITests.swift */; };
		063CE60C22433F1700DB347A /* newbutton.swift in Sources */ = {isa = PBXBuildFile; fileRef = 063CE60B22433F1700DB347A /* newbutton.swift */; };
		06603105225ED9CD0007355B /* viewcontroller2.swift in Sources */ = {isa = PBXBuildFile; fileRef = 06603104225ED9CD0007355B /* viewcontroller2.swift */; };
		066031442262696F0007355B /* mycollection.swift in Sources */ = {isa = PBXBuildFile; fileRef = 066031432262696F0007355B /* mycollection.swift */; };
/* End PBXBuildFile section */

/* Begin PBXContainerItemProxy section */
		063CE5EF22432BFC00DB347A /* PBXContainerItemProxy */ = {
			isa = PBXContainerItemProxy;
			containerPortal = 063CE5CF22432BF800DB347A /* Project object */;
			proxyType = 1;
			remoteGlobalIDString = 063CE5D622432BF800DB347A;
			remoteInfo = midterm;
		};
		063CE5FA22432BFC00DB347A /* PBXContainerItemProxy */ = {
			isa = PBXContainerItemProxy;
			containerPortal = 063CE5CF22432BF800DB347A /* Project object */;
			proxyType = 1;
			remoteGlobalIDString = 063CE5D622432BF800DB347A;
			remoteInfo = midterm;
		};
/* End PBXContainerItemProxy section */

/* Begin PBXFileReference section */
		063CE5D722432BF800DB347A /* midterm.app */ = {isa = PBXFileReference; explicitFileType = wrapper.application; includeInIndex = 0; path = midterm.app; sourceTree = BUILT_PRODUCTS_DIR; };
		063CE5DA22432BF800DB347A /* AppDelegate.swift */ = {isa = PBXFileReference; lastKnownFileType = sourcecode.swift; path = AppDelegate.swift; sourceTree = "<group>"; };
		063CE5DC22432BF800DB347A /* ViewController.swift */ = {isa = PBXFileReference; lastKnownFileType = sourcecode.swift; path = ViewController.swift; sourceTree = "<group>"; };
		063CE5DF22432BF800DB347A /* Base */ = {isa = PBXFileReference; lastKnownFileType = file.storyboard; name = Base; path = Base.lproj/Main.storyboard; sourceTree = "<group>"; };
		063CE5E222432BF800DB347A /* midterm.xcdatamodel */ = {isa = PBXFileReference; lastKnownFileType = wrapper.xcdatamodel; path = midterm.xcdatamodel; sourceTree = "<group>"; };
		063CE5E422432BFC00DB347A /* Assets.xcassets */ = {isa = PBXFileReference; lastKnownFileType = folder.assetcatalog; path = Assets.xcassets; sourceTree = "<group>"; };
		063CE5E722432BFC00DB347A /* Base */ = {isa = PBXFileReference; lastKnownFileType = file.storyboard; name = Base; path = Base.lproj/LaunchScreen.storyboard; sourceTree = "<group>"; };
		063CE5E922432BFC00DB347A /* Info.plist */ = {isa = PBXFileReference; lastKnownFileType = text.plist.xml; path = Info.plist; sourceTree = "<group>"; };
		063CE5EE22432BFC00DB347A /* midtermTests.xctest */ = {isa = PBXFileReference; explicitFileType = wrapper.cfbundle; includeInIndex = 0; path = midtermTests.xctest; sourceTree = BUILT_PRODUCTS_DIR; };
		063CE5F222432BFC00DB347A /* midtermTests.swift */ = {isa = PBXFileReference; lastKnownFileType = sourcecode.swift; path = midtermTests.swift; sourceTree = "<group>"; };
		063CE5F422432BFC00DB347A /* Info.plist */ = {isa = PBXFileReference; lastKnownFileType = text.plist.xml; path = Info.plist; sourceTree = "<group>"; };
		063CE5F922432BFC00DB347A /* midtermUITests.xctest */ = {isa = PBXFileReference; explicitFileType = wrapper.cfbundle; includeInIndex = 0; path = midtermUITests.xctest; sourceTree = BUILT_PRODUCTS_DIR; };
		063CE5FD22432BFC00DB347A /* midtermUITests.swift */ = {isa = PBXFileReference; lastKnownFileType = sourcecode.swift; path = midtermUITests.swift; sourceTree = "<group>"; };
		063CE5FF22432BFC00DB347A /* Info.plist */ = {isa = PBXFileReference; lastKnownFileType = text.plist.xml; path = Info.plist; sourceTree = "<group>"; };
		063CE60B22433F1700DB347A /* newbutton.swift */ = {isa = PBXFileReference; lastKnownFileType = sourcecode.swift; path = newbutton.swift; sourceTree = "<group>"; };
		06603104225ED9CD0007355B /* viewcontroller2.swift */ = {isa = PBXFileReference; lastKnownFileType = sourcecode.swift; path = viewcontroller2.swift; sourceTree = "<group>"; };
		066031432262696F0007355B /* mycollection.swift */ = {isa = PBXFileReference; lastKnownFileType = sourcecode.swift; path = mycollection.swift; sourceTree = "<group>"; };
/* End PBXFileReference section */

/* Begin PBXFrameworksBuildPhase section */
		063CE5D422432BF800DB347A /* Frameworks */ = {
			isa = PBXFrameworksBuildPhase;
			buildActionMask = 2147483647;
			files = (
			);
			runOnlyForDeploymentPostprocessing = 0;
		};
		063CE5EB22432BFC00DB347A /* Frameworks */ = {
			isa = PBXFrameworksBuildPhase;
			buildActionMask = 2147483647;
			files = (
			);
			runOnlyForDeploymentPostprocessing = 0;
		};
		063CE5F622432BFC00DB347A /* Frameworks */ = {
			isa = PBXFrameworksBuildPhase;
			buildActionMask = 2147483647;
			files = (
			);
			runOnlyForDeploymentPostprocessing = 0;
		};
/* End PBXFrameworksBuildPhase section */

/* Begin PBXGroup section */
		063CE5CE22432BF800DB347A = {
			isa = PBXGroup;
			children = (
				063CE60B22433F1700DB347A /* newbutton.swift */,
				063CE5D922432BF800DB347A /* midterm */,
				063CE5F122432BFC00DB347A /* midtermTests */,
				063CE5FC22432BFC00DB347A /* midtermUITests */,
				063CE5D822432BF800DB347A /* Products */,
			);
			sourceTree = "<group>";
		};
		063CE5D822432BF800DB347A /* Products */ = {
			isa = PBXGroup;
			children = (
				063CE5D722432BF800DB347A /* midterm.app */,
				063CE5EE22432BFC00DB347A /* midtermTests.xctest */,
				063CE5F922432BFC00DB347A /* midtermUITests.xctest */,
			);
			name = Products;
			sourceTree = "<group>";
		};
		063CE5D922432BF800DB347A /* midterm */ = {
			isa = PBXGroup;
			children = (
				063CE5DA22432BF800DB347A /* AppDelegate.swift */,
				063CE5DC22432BF800DB347A /* ViewController.swift */,
				063CE5DE22432BF800DB347A /* Main.storyboard */,
				063CE5E422432BFC00DB347A /* Assets.xcassets */,
				063CE5E622432BFC00DB347A /* LaunchScreen.storyboard */,
				063CE5E922432BFC00DB347A /* Info.plist */,
				063CE5E122432BF800DB347A /* midterm.xcdatamodeld */,
				06603104225ED9CD0007355B /* viewcontroller2.swift */,
				066031432262696F0007355B /* mycollection.swift */,
			);
			path = midterm;
			sourceTree = "<group>";
		};
		063CE5F122432BFC00DB347A /* midtermTests */ = {
			isa = PBXGroup;
			children = (
				063CE5F222432BFC00DB347A /* midtermTests.swift */,
				063CE5F422432BFC00DB347A /* Info.plist */,
			);
			path = midtermTests;
			sourceTree = "<group>";
		};
		063CE5FC22432BFC00DB347A /* midtermUITests */ = {
			isa = PBXGroup;
			children = (
				063CE5FD22432BFC00DB347A /* midtermUITests.swift */,
				063CE5FF22432BFC00DB347A /* Info.plist */,
			);
			path = midtermUITests;
			sourceTree = "<group>";
		};
/* End PBXGroup section */

/* Begin PBXNativeTarget section */
		063CE5D622432BF800DB347A /* midterm */ = {
			isa = PBXNativeTarget;
			buildConfigurationList = 063CE60222432BFC00DB347A /* Build configuration list for PBXNativeTarget "midterm" */;
			buildPhases = (
				063CE5D322432BF800DB347A /* Sources */,
				063CE5D422432BF800DB347A /* Frameworks */,
				063CE5D522432BF800DB347A /* Resources */,
			);
			buildRules = (
			);
			dependencies = (
			);
			name = midterm;
			productName = midterm;
			productReference = 063CE5D722432BF800DB347A /* midterm.app */;
			productType = "com.apple.product-type.application";
		};
		063CE5ED22432BFC00DB347A /* midtermTests */ = {
			isa = PBXNativeTarget;
			buildConfigurationList = 063CE60522432BFC00DB347A /* Build configuration list for PBXNativeTarget "midtermTests" */;
			buildPhases = (
				063CE5EA22432BFC00DB347A /* Sources */,
				063CE5EB22432BFC00DB347A /* Frameworks */,
				063CE5EC22432BFC00DB347A /* Resources */,
			);
			buildRules = (
			);
			dependencies = (
				063CE5F022432BFC00DB347A /* PBXTargetDependency */,
			);
			name = midtermTests;
			productName = midtermTests;
			productReference = 063CE5EE22432BFC00DB347A /* midtermTests.xctest */;
			productType = "com.apple.product-type.bundle.unit-test";
		};
		063CE5F822432BFC00DB347A /* midtermUITests */ = {
			isa = PBXNativeTarget;
			buildConfigurationList = 063CE60822432BFC00DB347A /* Build configuration list for PBXNativeTarget "midtermUITests" */;
			buildPhases = (
				063CE5F522432BFC00DB347A /* Sources */,
				063CE5F622432BFC00DB347A /* Frameworks */,
				063CE5F722432BFC00DB347A /* Resources */,
			);
			buildRules = (
			);
			dependencies = (
				063CE5FB22432BFC00DB347A /* PBXTargetDependency */,
			);
			name = midtermUITests;
			productName = midtermUITests;
			productReference = 063CE5F922432BFC00DB347A /* midtermUITests.xctest */;
			productType = "com.apple.product-type.bundle.ui-testing";
		};
/* End PBXNativeTarget section */

/* Begin PBXProject section */
		063CE5CF22432BF800DB347A /* Project object */ = {
			isa = PBXProject;
			attributes = {
				LastSwiftUpdateCheck = 1010;
				LastUpgradeCheck = 1010;
				ORGANIZATIONNAME = Poopnose;
				TargetAttributes = {
					063CE5D622432BF800DB347A = {
						CreatedOnToolsVersion = 10.1;
					};
					063CE5ED22432BFC00DB347A = {
						CreatedOnToolsVersion = 10.1;
						TestTargetID = 063CE5D622432BF800DB347A;
					};
					063CE5F822432BFC00DB347A = {
						CreatedOnToolsVersion = 10.1;
						TestTargetID = 063CE5D622432BF800DB347A;
					};
				};
			};
			buildConfigurationList = 063CE5D222432BF800DB347A /* Build configuration list for PBXProject "midterm" */;
			compatibilityVersion = "Xcode 9.3";
			developmentRegion = en;
			hasScannedForEncodings = 0;
			knownRegions = (
				en,
				Base,
			);
			mainGroup = 063CE5CE22432BF800DB347A;
			productRefGroup = 063CE5D822432BF800DB347A /* Products */;
			projectDirPath = "";
			projectRoot = "";
			targets = (
				063CE5D622432BF800DB347A /* midterm */,
				063CE5ED22432BFC00DB347A /* midtermTests */,
				063CE5F822432BFC00DB347A /* midtermUITests */,
			);
		};
/* End PBXProject section */

/* Begin PBXResourcesBuildPhase section */
		063CE5D522432BF800DB347A /* Resources */ = {
			isa = PBXResourcesBuildPhase;
			buildActionMask = 2147483647;
			files = (
				063CE5E822432BFC00DB347A /* LaunchScreen.storyboard in Resources */,
				063CE5E522432BFC00DB347A /* Assets.xcassets in Resources */,
				063CE5E022432BF800DB347A /* Main.storyboard in Resources */,
			);
			runOnlyForDeploymentPostprocessing = 0;
		};
		063CE5EC22432BFC00DB347A /* Resources */ = {
			isa = PBXResourcesBuildPhase;
			buildActionMask = 2147483647;
			files = (
			);
			runOnlyForDeploymentPostprocessing = 0;
		};
		063CE5F722432BFC00DB347A /* Resources */ = {
			isa = PBXResourcesBuildPhase;
			buildActionMask = 2147483647;
			files = (
			);
			runOnlyForDeploymentPostprocessing = 0;
		};
/* End PBXResourcesBuildPhase section */

/* Begin PBXSourcesBuildPhase section */
		063CE5D322432BF800DB347A /* Sources */ = {
			isa = PBXSourcesBuildPhase;
			buildActionMask = 2147483647;
			files = (
				063CE60C22433F1700DB347A /* newbutton.swift in Sources */,
				06603105225ED9CD0007355B /* viewcontroller2.swift in Sources */,
				063CE5DD22432BF800DB347A /* ViewController.swift in Sources */,
				063CE5E322432BF800DB347A /* midterm.xcdatamodeld in Sources */,
				063CE5DB22432BF800DB347A /* AppDelegate.swift in Sources */,
				066031442262696F0007355B /* mycollection.swift in Sources */,
			);
			runOnlyForDeploymentPostprocessing = 0;
		};
		063CE5EA22432BFC00DB347A /* Sources */ = {
			isa = PBXSourcesBuildPhase;
			buildActionMask = 2147483647;
			files = (
				063CE5F322432BFC00DB347A /* midtermTests.swift in Sources */,
			);
			runOnlyForDeploymentPostprocessing = 0;
		};
		063CE5F522432BFC00DB347A /* Sources */ = {
			isa = PBXSourcesBuildPhase;
			buildActionMask = 2147483647;
			files = (
				063CE5FE22432BFC00DB347A /* midtermUITests.swift in Sources */,
			);
			runOnlyForDeploymentPostprocessing = 0;
		};
/* End PBXSourcesBuildPhase section */

/* Begin PBXTargetDependency section */
		063CE5F022432BFC00DB347A /* PBXTargetDependency */ = {
			isa = PBXTargetDependency;
			target = 063CE5D622432BF800DB347A /* midterm */;
			targetProxy = 063CE5EF22432BFC00DB347A /* PBXContainerItemProxy */;
		};
		063CE5FB22432BFC00DB347A /* PBXTargetDependency */ = {
			isa = PBXTargetDependency;
			target = 063CE5D622432BF800DB347A /* midterm */;
			targetProxy = 063CE5FA22432BFC00DB347A /* PBXContainerItemProxy */;
		};
/* End PBXTargetDependency section */

/* Begin PBXVariantGroup section */
		063CE5DE22432BF800DB347A /* Main.storyboard */ = {
			isa = PBXVariantGroup;
			children = (
				063CE5DF22432BF800DB347A /* Base */,
			);
			name = Main.storyboard;
			sourceTree = "<group>";
		};
		063CE5E622432BFC00DB347A /* LaunchScreen.storyboard */ = {
			isa = PBXVariantGroup;
			children = (
				063CE5E722432BFC00DB347A /* Base */,
			);
			name = LaunchScreen.storyboard;
			sourceTree = "<group>";
		};
/* End PBXVariantGroup section */

/* Begin XCBuildConfiguration section */
		063CE60022432BFC00DB347A /* Debug */ = {
			isa = XCBuildConfiguration;
			buildSettings = {
				ALWAYS_SEARCH_USER_PATHS = NO;
				CLANG_ANALYZER_NONNULL = YES;
				CLANG_ANALYZER_NUMBER_OBJECT_CONVERSION = YES_AGGRESSIVE;
				CLANG_CXX_LANGUAGE_STANDARD = "gnu++14";
				CLANG_CXX_LIBRARY = "libc++";
				CLANG_ENABLE_MODULES = YES;
				CLANG_ENABLE_OBJC_ARC = YES;
				CLANG_ENABLE_OBJC_WEAK = YES;
				CLANG_WARN_BLOCK_CAPTURE_AUTORELEASING = YES;
				CLANG_WARN_BOOL_CONVERSION = YES;
				CLANG_WARN_COMMA = YES;
				CLANG_WARN_CONSTANT_CONVERSION = YES;
				CLANG_WARN_DEPRECATED_OBJC_IMPLEMENTATIONS = YES;
				CLANG_WARN_DIRECT_OBJC_ISA_USAGE = YES_ERROR;
				CLANG_WARN_DOCUMENTATION_COMMENTS = YES;
				CLANG_WARN_EMPTY_BODY = YES;
				CLANG_WARN_ENUM_CONVERSION = YES;
				CLANG_WARN_INFINITE_RECURSION = YES;
				CLANG_WARN_INT_CONVERSION = YES;
				CLANG_WARN_NON_LITERAL_NULL_CONVERSION = YES;
				CLANG_WARN_OBJC_IMPLICIT_RETAIN_SELF = YES;
				CLANG_WARN_OBJC_LITERAL_CONVERSION = YES;
				CLANG_WARN_OBJC_ROOT_CLASS = YES_ERROR;
				CLANG_WARN_RANGE_LOOP_ANALYSIS = YES;
				CLANG_WARN_STRICT_PROTOTYPES = YES;
				CLANG_WARN_SUSPICIOUS_MOVE = YES;
				CLANG_WARN_UNGUARDED_AVAILABILITY = YES_AGGRESSIVE;
				CLANG_WARN_UNREACHABLE_CODE = YES;
				CLANG_WARN__DUPLICATE_METHOD_MATCH = YES;
				CODE_SIGN_IDENTITY = "iPhone Developer";
				COPY_PHASE_STRIP = NO;
				DEBUG_INFORMATION_FORMAT = dwarf;
				ENABLE_STRICT_OBJC_MSGSEND = YES;
				ENABLE_TESTABILITY = YES;
				GCC_C_LANGUAGE_STANDARD = gnu11;
				GCC_DYNAMIC_NO_PIC = NO;
				GCC_NO_COMMON_BLOCKS = YES;
				GCC_OPTIMIZATION_LEVEL = 0;
				GCC_PREPROCESSOR_DEFINITIONS = (
					"DEBUG=1",
					"$(inherited)",
				);
				GCC_WARN_64_TO_32_BIT_CONVERSION = YES;
				GCC_WARN_ABOUT_RETURN_TYPE = YES_ERROR;
				GCC_WARN_UNDECLARED_SELECTOR = YES;
				GCC_WARN_UNINITIALIZED_AUTOS = YES_AGGRESSIVE;
				GCC_WARN_UNUSED_FUNCTION = YES;
				GCC_WARN_UNUSED_VARIABLE = YES;
				IPHONEOS_DEPLOYMENT_TARGET = 12.1;
				MTL_ENABLE_DEBUG_INFO = INCLUDE_SOURCE;
				MTL_FAST_MATH = YES;
				ONLY_ACTIVE_ARCH = YES;
				SDKROOT = iphoneos;
				SWIFT_ACTIVE_COMPILATION_CONDITIONS = DEBUG;
				SWIFT_OPTIMIZATION_LEVEL = "-Onone";
			};
			name = Debug;
		};
		063CE60122432BFC00DB347A /* Release */ = {
			isa = XCBuildConfiguration;
			buildSettings = {
				ALWAYS_SEARCH_USER_PATHS = NO;
				CLANG_ANALYZER_NONNULL = YES;
				CLANG_ANALYZER_NUMBER_OBJECT_CONVERSION = YES_AGGRESSIVE;
				CLANG_CXX_LANGUAGE_STANDARD = "gnu++14";
				CLANG_CXX_LIBRARY = "libc++";
				CLANG_ENABLE_MODULES = YES;
				CLANG_ENABLE_OBJC_ARC = YES;
				CLANG_ENABLE_OBJC_WEAK = YES;
				CLANG_WARN_BLOCK_CAPTURE_AUTORELEASING = YES;
				CLANG_WARN_BOOL_CONVERSION = YES;
				CLANG_WARN_COMMA = YES;
				CLANG_WARN_CONSTANT_CONVERSION = YES;
				CLANG_WARN_DEPRECATED_OBJC_IMPLEMENTATIONS = YES;
				CLANG_WARN_DIRECT_OBJC_ISA_USAGE = YES_ERROR;
				CLANG_WARN_DOCUMENTATION_COMMENTS = YES;
				CLANG_WARN_EMPTY_BODY = YES;
				CLANG_WARN_ENUM_CONVERSION = YES;
				CLANG_WARN_INFINITE_RECURSION = YES;
				CLANG_WARN_INT_CONVERSION = YES;
				CLANG_WARN_NON_LITERAL_NULL_CONVERSION = YES;
				CLANG_WARN_OBJC_IMPLICIT_RETAIN_SELF = YES;
				CLANG_WARN_OBJC_LITERAL_CONVERSION = YES;
				CLANG_WARN_OBJC_ROOT_CLASS = YES_ERROR;
				CLANG_WARN_RANGE_LOOP_ANALYSIS = YES;
				CLANG_WARN_STRICT_PROTOTYPES = YES;
				CLANG_WARN_SUSPICIOUS_MOVE = YES;
				CLANG_WARN_UNGUARDED_AVAILABILITY = YES_AGGRESSIVE;
				CLANG_WARN_UNREACHABLE_CODE = YES;
				CLANG_WARN__DUPLICATE_METHOD_MATCH = YES;
				CODE_SIGN_IDENTITY = "iPhone Developer";
				COPY_PHASE_STRIP = NO;
				DEBUG_INFORMATION_FORMAT = "dwarf-with-dsym";
				ENABLE_NS_ASSERTIONS = NO;
				ENABLE_STRICT_OBJC_MSGSEND = YES;
				GCC_C_LANGUAGE_STANDARD = gnu11;
				GCC_NO_COMMON_BLOCKS = YES;
				GCC_WARN_64_TO_32_BIT_CONVERSION = YES;
				GCC_WARN_ABOUT_RETURN_TYPE = YES_ERROR;
				GCC_WARN_UNDECLARED_SELECTOR = YES;
				GCC_WARN_UNINITIALIZED_AUTOS = YES_AGGRESSIVE;
				GCC_WARN_UNUSED_FUNCTION = YES;
				GCC_WARN_UNUSED_VARIABLE = YES;
				IPHONEOS_DEPLOYMENT_TARGET = 12.1;
				MTL_ENABLE_DEBUG_INFO = NO;
				MTL_FAST_MATH = YES;
				SDKROOT = iphoneos;
				SWIFT_COMPILATION_MODE = wholemodule;
				SWIFT_OPTIMIZATION_LEVEL = "-O";
				VALIDATE_PRODUCT = YES;
			};
			name = Release;
		};
		063CE60322432BFC00DB347A /* Debug */ = {
			isa = XCBuildConfiguration;
			buildSettings = {
				ASSETCATALOG_COMPILER_APPICON_NAME = AppIcon;
				CODE_SIGN_STYLE = Automatic;
				DEVELOPMENT_TEAM = KTNRQQ799K;
				INFOPLIST_FILE = midterm/Info.plist;
				LD_RUNPATH_SEARCH_PATHS = (
					"$(inherited)",
					"@executable_path/Frameworks",
				);
				PRODUCT_BUNDLE_IDENTIFIER = zxzx.midterm;
				PRODUCT_NAME = "$(TARGET_NAME)";
				SWIFT_VERSION = 4.2;
				TARGETED_DEVICE_FAMILY = "1,2";
			};
			name = Debug;
		};
		063CE60422432BFC00DB347A /* Release */ = {
			isa = XCBuildConfiguration;
			buildSettings = {
				ASSETCATALOG_COMPILER_APPICON_NAME = AppIcon;
				CODE_SIGN_STYLE = Automatic;
				DEVELOPMENT_TEAM = KTNRQQ799K;
				INFOPLIST_FILE = midterm/Info.plist;
				LD_RUNPATH_SEARCH_PATHS = (
					"$(inherited)",
					"@executable_path/Frameworks",
				);
				PRODUCT_BUNDLE_IDENTIFIER = zxzx.midterm;
				PRODUCT_NAME = "$(TARGET_NAME)";
				SWIFT_VERSION = 4.2;
				TARGETED_DEVICE_FAMILY = "1,2";
			};
			name = Release;
		};
		063CE60622432BFC00DB347A /* Debug */ = {
			isa = XCBuildConfiguration;
			buildSettings = {
				ALWAYS_EMBED_SWIFT_STANDARD_LIBRARIES = YES;
				BUNDLE_LOADER = "$(TEST_HOST)";
				CODE_SIGN_STYLE = Automatic;
				DEVELOPMENT_TEAM = KTNRQQ799K;
				INFOPLIST_FILE = midtermTests/Info.plist;
				LD_RUNPATH_SEARCH_PATHS = (
					"$(inherited)",
					"@executable_path/Frameworks",
					"@loader_path/Frameworks",
				);
				PRODUCT_BUNDLE_IDENTIFIER = zxzx.midtermTests;
				PRODUCT_NAME = "$(TARGET_NAME)";
				SWIFT_VERSION = 4.2;
				TARGETED_DEVICE_FAMILY = "1,2";
				TEST_HOST = "$(BUILT_PRODUCTS_DIR)/midterm.app/midterm";
			};
			name = Debug;
		};
		063CE60722432BFC00DB347A /* Release */ = {
			isa = XCBuildConfiguration;
			buildSettings = {
				ALWAYS_EMBED_SWIFT_STANDARD_LIBRARIES = YES;
				BUNDLE_LOADER = "$(TEST_HOST)";
				CODE_SIGN_STYLE = Automatic;
				DEVELOPMENT_TEAM = KTNRQQ799K;
				INFOPLIST_FILE = midtermTests/Info.plist;
				LD_RUNPATH_SEARCH_PATHS = (
					"$(inherited)",
					"@executable_path/Frameworks",
					"@loader_path/Frameworks",
				);
				PRODUCT_BUNDLE_IDENTIFIER = zxzx.midtermTests;
				PRODUCT_NAME = "$(TARGET_NAME)";
				SWIFT_VERSION = 4.2;
				TARGETED_DEVICE_FAMILY = "1,2";
				TEST_HOST = "$(BUILT_PRODUCTS_DIR)/midterm.app/midterm";
			};
			name = Release;
		};
		063CE60922432BFC00DB347A /* Debug */ = {
			isa = XCBuildConfiguration;
			buildSettings = {
				ALWAYS_EMBED_SWIFT_STANDARD_LIBRARIES = YES;
				CODE_SIGN_STYLE = Automatic;
				DEVELOPMENT_TEAM = KTNRQQ799K;
				INFOPLIST_FILE = midtermUITests/Info.plist;
				LD_RUNPATH_SEARCH_PATHS = (
					"$(inherited)",
					"@executable_path/Frameworks",
					"@loader_path/Frameworks",
				);
				PRODUCT_BUNDLE_IDENTIFIER = zxzx.midtermUITests;
				PRODUCT_NAME = "$(TARGET_NAME)";
				SWIFT_VERSION = 4.2;
				TARGETED_DEVICE_FAMILY = "1,2";
				TEST_TARGET_NAME = midterm;
			};
			name = Debug;
		};
		063CE60A22432BFC00DB347A /* Release */ = {
			isa = XCBuildConfiguration;
			buildSettings = {
				ALWAYS_EMBED_SWIFT_STANDARD_LIBRARIES = YES;
				CODE_SIGN_STYLE = Automatic;
				DEVELOPMENT_TEAM = KTNRQQ799K;
				INFOPLIST_FILE = midtermUITests/Info.plist;
				LD_RUNPATH_SEARCH_PATHS = (
					"$(inherited)",
					"@executable_path/Frameworks",
					"@loader_path/Frameworks",
				);
				PRODUCT_BUNDLE_IDENTIFIER = zxzx.midtermUITests;
				PRODUCT_NAME = "$(TARGET_NAME)";
				SWIFT_VERSION = 4.2;
				TARGETED_DEVICE_FAMILY = "1,2";
				TEST_TARGET_NAME = midterm;
			};
			name = Release;
		};
/* End XCBuildConfiguration section */

/* Begin XCConfigurationList section */
		063CE5D222432BF800DB347A /* Build configuration list for PBXProject "midterm" */ = {
			isa = XCConfigurationList;
			buildConfigurations = (
				063CE60022432BFC00DB347A /* Debug */,
				063CE60122432BFC00DB347A /* Release */,
			);
			defaultConfigurationIsVisible = 0;
			defaultConfigurationName = Release;
		};
		063CE60222432BFC00DB347A /* Build configuration list for PBXNativeTarget "midterm" */ = {
			isa = XCConfigurationList;
			buildConfigurations = (
				063CE60322432BFC00DB347A /* Debug */,
				063CE60422432BFC00DB347A /* Release */,
			);
			defaultConfigurationIsVisible = 0;
			defaultConfigurationName = Release;
		};
		063CE60522432BFC00DB347A /* Build configuration list for PBXNativeTarget "midtermTests" */ = {
			isa = XCConfigurationList;
			buildConfigurations = (
				063CE60622432BFC00DB347A /* Debug */,
				063CE60722432BFC00DB347A /* Release */,
			);
			defaultConfigurationIsVisible = 0;
			defaultConfigurationName = Release;
		};
		063CE60822432BFC00DB347A /* Build configuration list for PBXNativeTarget "midtermUITests" */ = {
			isa = XCConfigurationList;
			buildConfigurations = (
				063CE60922432BFC00DB347A /* Debug */,
				063CE60A22432BFC00DB347A /* Release */,
			);
			defaultConfigurationIsVisible = 0;
			defaultConfigurationName = Release;
		};
/* End XCConfigurationList section */

/* Begin XCVersionGroup section */
		063CE5E122432BF800DB347A /* midterm.xcdatamodeld */ = {
			isa = XCVersionGroup;
			children = (
				063CE5E222432BF800DB347A /* midterm.xcdatamodel */,
			);
			currentVersion = 063CE5E222432BF800DB347A /* midterm.xcdatamodel */;
			path = midterm.xcdatamodeld;
			sourceTree = "<group>";
			versionGroupType = wrapper.xcdatamodel;
		};
/* End XCVersionGroup section */
	};
	rootObject = 063CE5CF22432BF800DB347A /* Project object */;
}
